
Microsoft Visual Studio Solution File, Format Version 12.00
# Visual Studio 15
VisualStudioVersion = 15.0.28307.572
MinimumVisualStudioVersion = 10.0.40219.1
Project("{2150E333-8FDC-42A3-9474-1A3956D46DE8}") = "2019-10-01-src", "2019-10-01-src", "{9AE7CEA0-B7CC-4292-955A-C0184F9742EE}"
EndProject
Project("{8BC9CEB8-8B4A-11D0-8D11-00A0C91BC942}") = "VmAlloc", "2019-10-01-src\VmAlloc\VmAlloc.vcxproj", "{5DE6F38D-125F-4728-B39E-257BCEDCA8E1}"
EndProject
Project("{8BC9CEB8-8B4A-11D0-8D11-00A0C91BC942}") = "Reader", "2019-10-01-src\Reader\Reader.vcxproj", "{5E575033-0C43-46C4-B348-D440483EF8F0}"
EndProject
Project("{8BC9CEB8-8B4A-11D0-8D11-00A0C91BC942}") = "Writer", "2019-10-01-src\Writer\Writer.vcxproj", "{24861850-BD2F-4BD3-A902-7FE8857A2F65}"
EndProject
Project("{8BC9CEB8-8B4A-11D0-8D11-00A0C91BC942}") = "Mapfile", "2019-10-01-src\Mapfile\Mapfile.vcxproj", "{A1917A79-F74F-4B0B-A69A-20E0BCFF789E}"
EndProject
Project("{8BC9CEB8-8B4A-11D0-8D11-00A0C91BC942}") = "copyFileMap", "2019-10-01-src\copyFileMap\copyFileMap.vcxproj", "{CF93A243-13AC-43A5-9FEF-E9C66CE235E8}"
EndProject
Project("{2150E333-8FDC-42A3-9474-1A3956D46DE8}") = "2019-10-03", "2019-10-03", "{61321D3D-9D6A-43CB-BBA4-388D7761E1A4}"
EndProject
Project("{8BC9CEB8-8B4A-11D0-8D11-00A0C91BC942}") = "Teste", "2019-10-03-src\Teste\Teste.vcxproj", "{0376709B-49BF-4613-B3F0-515888E8EF64}"
EndProject
Project("{2150E333-8FDC-42A3-9474-1A3956D46DE8}") = "2019-10-08", "2019-10-08", "{3B953EEF-064F-4A13-B375-3C3E2883CE64}"
EndProject
Project("{FAE04EC0-301F-11D3-BF4B-00C04F79EFBC}") = "NBitMaps", "2019-10-08-src\NBitMaps\NBitMaps.csproj", "{EF900A44-7162-4853-ABBF-1FB6662312AE}"
EndProject
Project("{8BC9CEB8-8B4A-11D0-8D11-00A0C91BC942}") = "BitMaps", "2019-10-08-src\BitMaps\BitMaps.vcxproj", "{976987FF-9130-4B60-8F7C-6ADF65E21FCC}"
EndProject
Project("{2150E333-8FDC-42A3-9474-1A3956D46DE8}") = "2019-10-15", "2019-10-15", "{C54DDD54-E0BE-4D59-9580-955C6903A1DD}"
EndProject
Project("{8BC9CEB8-8B4A-11D0-8D11-00A0C91BC942}") = "MathDll", "2019-10-15-src\MathDll\MathDll.vcxproj", "{09456C9D-807B-4E17-A764-1CB6FDFA0F51}"
EndProject
Project("{8BC9CEB8-8B4A-11D0-8D11-00A0C91BC942}") = "MathClient", "2019-10-15-src\MathClient\MathClient.vcxproj", "{5DD14FB6-F5C3-4C56-B996-C5AF819D7A2F}"
EndProject
Project("{2150E333-8FDC-42A3-9474-1A3956D46DE8}") = "2019-10-17", "2019-10-17", "{F76BDB50-7314-48A8-BA74-F7B0D299B85C}"
EndProject
Project("{8BC9CEB8-8B4A-11D0-8D11-00A0C91BC942}") = "MathDll", "2019-10-17-src\MathDll\MathDll.vcxproj", "{93AADD9F-47A3-4053-8993-D59B103B0A3F}"
EndProject
Project("{8BC9CEB8-8B4A-11D0-8D11-00A0C91BC942}") = "MathClient", "2019-10-17-src\MathClient\MathClient.vcxproj", "{E4138B95-F9DE-4AE4-A7F3-EC9D310D0F40}"
EndProject
Project("{8BC9CEB8-8B4A-11D0-8D11-00A0C91BC942}") = "MathClientC", "2019-10-17-src\MathClientC\MathClientC.vcxproj", "{E79922AD-02F0-498F-A38E-BBA2C0C5C3A4}"
EndProject
Project("{8BC9CEB8-8B4A-11D0-8D11-00A0C91BC942}") = "ClientDynamicMath", "2019-10-17-src\ClientDynamicMath\ClientDynamicMath.vcxproj", "{6125133F-0A78-4985-8BB9-72672CB497AC}"
EndProject
Project("{2150E333-8FDC-42A3-9474-1A3956D46DE8}") = "2019-10-22", "2019-10-22", "{4DEBD504-A206-4D83-BC05-1158C49C6927}"
EndProject
Project("{8BC9CEB8-8B4A-11D0-8D11-00A0C91BC942}") = "SimpleTest", "2019-10-22-src\SimpleTest\SimpleTest.vcxproj", "{4111D8D1-7501-489A-AD21-68701773EBD9}"
EndProject
Project("{8BC9CEB8-8B4A-11D0-8D11-00A0C91BC942}") = "UThread", "2019-10-22-src\UThread\UThread.vcxproj", "{2650CA3C-1DDE-4D98-96D6-927B382F409A}"
EndProject
Project("{2150E333-8FDC-42A3-9474-1A3956D46DE8}") = "2019-10-29", "2019-10-29", "{983BCC22-E56B-40BA-92DD-C01B69916398}"
EndProject
Project("{8BC9CEB8-8B4A-11D0-8D11-00A0C91BC942}") = "UThread2", "2019-10-29-src\UThread\UThread2.vcxproj", "{287D4FC5-1948-4489-8FA2-F2C0E8AF5BCE}"
EndProject
Project("{8BC9CEB8-8B4A-11D0-8D11-00A0C91BC942}") = "Uthreads2UnitTests", "2019-10-29-src\Uthreads2UnitTests\Uthreads2UnitTests.vcxproj", "{4F570F2D-7C42-481B-A45A-1A812338C6A5}"
EndProject
Project("{2150E333-8FDC-42A3-9474-1A3956D46DE8}") = "2019-11-07", "2019-11-07", "{5EC79CA6-8C0D-478F-84A8-FCEB714DAC67}"
EndProject
Project("{8BC9CEB8-8B4A-11D0-8D11-00A0C91BC942}") = "SimpleShell", "2019-11-07-src\Windows1\Shell\Shell.vcxproj", "{89C1AC07-5998-45FF-8F3A-B5DAC91DFA1F}"
EndProject
Project("{8BC9CEB8-8B4A-11D0-8D11-00A0C91BC942}") = "ShellRedir", "2019-11-07-src\Windows1\ShellRedir\ShellRedir.vcxproj", "{EB76310D-C339-4B9A-8E1A-BC79C74B3826}"
EndProject
Project("{8BC9CEB8-8B4A-11D0-8D11-00A0C91BC942}") = "firstThreadExperience", "2019-11-07-src\Windows1\firstThreadExperience\firstThreadExperience.vcxproj", "{517F2B2F-4378-4AF8-8FE7-6B96F78B9FCC}"
EndProject
Project("{8BC9CEB8-8B4A-11D0-8D11-00A0C91BC942}") = "Type", "2019-11-07-src\Windows1\Type\Type.vcxproj", "{CB852724-C07B-428B-95ED-8C5277984DB6}"
EndProject
Project("{8BC9CEB8-8B4A-11D0-8D11-00A0C91BC942}") = "ParallelAdder", "2019-11-07-src\ParallelAdder\ParallelAdder.vcxproj", "{BCF7036C-5922-4EC7-B9BD-60DF3E233E99}"
EndProject
Project("{2150E333-8FDC-42A3-9474-1A3956D46DE8}") = "2019-11-12", "2019-11-12", "{6BF5EBB0-543F-4059-BEBC-751240AC5581}"
EndProject
Project("{8BC9CEB8-8B4A-11D0-8D11-00A0C91BC942}") = "ParallelAdder", "2019-11-12-src\ParallelAdder\ParallelAdder.vcxproj", "{0772E72D-B101-4F1F-B976-CBC7E6DBA320}"
EndProject
Project("{2150E333-8FDC-42A3-9474-1A3956D46DE8}") = "2019-11-14", "2019-11-14", "{0FDFC5A9-8B2E-4451-8718-09E2C56C8A4F}"
EndProject
Project("{8BC9CEB8-8B4A-11D0-8D11-00A0C91BC942}") = "ParallelAdder", "2019-11-14-src\ParallelAdder\ParallelAdder.vcxproj", "{821064E7-678F-4C93-AF28-29EB82FA9C7D}"
EndProject
Project("{8BC9CEB8-8B4A-11D0-8D11-00A0C91BC942}") = "ThreadPool", "2019-11-14-src\ThreadPool0\ThreadPool.vcxproj", "{64C2E160-BEFB-4BCF-9A31-D31A26F36FB0}"
EndProject
Global
	GlobalSection(SolutionConfigurationPlatforms) = preSolution
		Debug|Any CPU = Debug|Any CPU
		Debug|x64 = Debug|x64
		Debug|x86 = Debug|x86
		Release|Any CPU = Release|Any CPU
		Release|x64 = Release|x64
		Release|x86 = Release|x86
	EndGlobalSection
	GlobalSection(ProjectConfigurationPlatforms) = postSolution
		{5DE6F38D-125F-4728-B39E-257BCEDCA8E1}.Debug|Any CPU.ActiveCfg = Debug|Win32
		{5DE6F38D-125F-4728-B39E-257BCEDCA8E1}.Debug|x64.ActiveCfg = Debug|x64
		{5DE6F38D-125F-4728-B39E-257BCEDCA8E1}.Debug|x64.Build.0 = Debug|x64
		{5DE6F38D-125F-4728-B39E-257BCEDCA8E1}.Debug|x86.ActiveCfg = Debug|Win32
		{5DE6F38D-125F-4728-B39E-257BCEDCA8E1}.Debug|x86.Build.0 = Debug|Win32
		{5DE6F38D-125F-4728-B39E-257BCEDCA8E1}.Release|Any CPU.ActiveCfg = Release|Win32
		{5DE6F38D-125F-4728-B39E-257BCEDCA8E1}.Release|x64.ActiveCfg = Release|x64
		{5DE6F38D-125F-4728-B39E-257BCEDCA8E1}.Release|x64.Build.0 = Release|x64
		{5DE6F38D-125F-4728-B39E-257BCEDCA8E1}.Release|x86.ActiveCfg = Release|Win32
		{5DE6F38D-125F-4728-B39E-257BCEDCA8E1}.Release|x86.Build.0 = Release|Win32
		{5E575033-0C43-46C4-B348-D440483EF8F0}.Debug|Any CPU.ActiveCfg = Debug|Win32
		{5E575033-0C43-46C4-B348-D440483EF8F0}.Debug|x64.ActiveCfg = Debug|x64
		{5E575033-0C43-46C4-B348-D440483EF8F0}.Debug|x64.Build.0 = Debug|x64
		{5E575033-0C43-46C4-B348-D440483EF8F0}.Debug|x86.ActiveCfg = Debug|Win32
		{5E575033-0C43-46C4-B348-D440483EF8F0}.Debug|x86.Build.0 = Debug|Win32
		{5E575033-0C43-46C4-B348-D440483EF8F0}.Release|Any CPU.ActiveCfg = Release|Win32
		{5E575033-0C43-46C4-B348-D440483EF8F0}.Release|x64.ActiveCfg = Release|x64
		{5E575033-0C43-46C4-B348-D440483EF8F0}.Release|x64.Build.0 = Release|x64
		{5E575033-0C43-46C4-B348-D440483EF8F0}.Release|x86.ActiveCfg = Release|Win32
		{5E575033-0C43-46C4-B348-D440483EF8F0}.Release|x86.Build.0 = Release|Win32
		{24861850-BD2F-4BD3-A902-7FE8857A2F65}.Debug|Any CPU.ActiveCfg = Debug|Win32
		{24861850-BD2F-4BD3-A902-7FE8857A2F65}.Debug|x64.ActiveCfg = Debug|x64
		{24861850-BD2F-4BD3-A902-7FE8857A2F65}.Debug|x64.Build.0 = Debug|x64
		{24861850-BD2F-4BD3-A902-7FE8857A2F65}.Debug|x86.ActiveCfg = Debug|Win32
		{24861850-BD2F-4BD3-A902-7FE8857A2F65}.Debug|x86.Build.0 = Debug|Win32
		{24861850-BD2F-4BD3-A902-7FE8857A2F65}.Release|Any CPU.ActiveCfg = Release|Win32
		{24861850-BD2F-4BD3-A902-7FE8857A2F65}.Release|x64.ActiveCfg = Release|x64
		{24861850-BD2F-4BD3-A902-7FE8857A2F65}.Release|x64.Build.0 = Release|x64
		{24861850-BD2F-4BD3-A902-7FE8857A2F65}.Release|x86.ActiveCfg = Release|Win32
		{24861850-BD2F-4BD3-A902-7FE8857A2F65}.Release|x86.Build.0 = Release|Win32
		{A1917A79-F74F-4B0B-A69A-20E0BCFF789E}.Debug|Any CPU.ActiveCfg = Debug|Win32
		{A1917A79-F74F-4B0B-A69A-20E0BCFF789E}.Debug|x64.ActiveCfg = Debug|x64
		{A1917A79-F74F-4B0B-A69A-20E0BCFF789E}.Debug|x64.Build.0 = Debug|x64
		{A1917A79-F74F-4B0B-A69A-20E0BCFF789E}.Debug|x86.ActiveCfg = Debug|Win32
		{A1917A79-F74F-4B0B-A69A-20E0BCFF789E}.Debug|x86.Build.0 = Debug|Win32
		{A1917A79-F74F-4B0B-A69A-20E0BCFF789E}.Release|Any CPU.ActiveCfg = Release|Win32
		{A1917A79-F74F-4B0B-A69A-20E0BCFF789E}.Release|x64.ActiveCfg = Release|x64
		{A1917A79-F74F-4B0B-A69A-20E0BCFF789E}.Release|x64.Build.0 = Release|x64
		{A1917A79-F74F-4B0B-A69A-20E0BCFF789E}.Release|x86.ActiveCfg = Release|Win32
		{A1917A79-F74F-4B0B-A69A-20E0BCFF789E}.Release|x86.Build.0 = Release|Win32
		{CF93A243-13AC-43A5-9FEF-E9C66CE235E8}.Debug|Any CPU.ActiveCfg = Debug|Win32
		{CF93A243-13AC-43A5-9FEF-E9C66CE235E8}.Debug|x64.ActiveCfg = Debug|x64
		{CF93A243-13AC-43A5-9FEF-E9C66CE235E8}.Debug|x64.Build.0 = Debug|x64
		{CF93A243-13AC-43A5-9FEF-E9C66CE235E8}.Debug|x86.ActiveCfg = Debug|Win32
		{CF93A243-13AC-43A5-9FEF-E9C66CE235E8}.Debug|x86.Build.0 = Debug|Win32
		{CF93A243-13AC-43A5-9FEF-E9C66CE235E8}.Release|Any CPU.ActiveCfg = Release|Win32
		{CF93A243-13AC-43A5-9FEF-E9C66CE235E8}.Release|x64.ActiveCfg = Release|x64
		{CF93A243-13AC-43A5-9FEF-E9C66CE235E8}.Release|x64.Build.0 = Release|x64
		{CF93A243-13AC-43A5-9FEF-E9C66CE235E8}.Release|x86.ActiveCfg = Release|Win32
		{CF93A243-13AC-43A5-9FEF-E9C66CE235E8}.Release|x86.Build.0 = Release|Win32
		{0376709B-49BF-4613-B3F0-515888E8EF64}.Debug|Any CPU.ActiveCfg = Debug|Win32
		{0376709B-49BF-4613-B3F0-515888E8EF64}.Debug|x64.ActiveCfg = Debug|x64
		{0376709B-49BF-4613-B3F0-515888E8EF64}.Debug|x64.Build.0 = Debug|x64
		{0376709B-49BF-4613-B3F0-515888E8EF64}.Debug|x86.ActiveCfg = Debug|Win32
		{0376709B-49BF-4613-B3F0-515888E8EF64}.Debug|x86.Build.0 = Debug|Win32
		{0376709B-49BF-4613-B3F0-515888E8EF64}.Release|Any CPU.ActiveCfg = Release|Win32
		{0376709B-49BF-4613-B3F0-515888E8EF64}.Release|x64.ActiveCfg = Release|x64
		{0376709B-49BF-4613-B3F0-515888E8EF64}.Release|x64.Build.0 = Release|x64
		{0376709B-49BF-4613-B3F0-515888E8EF64}.Release|x86.ActiveCfg = Release|Win32
		{0376709B-49BF-4613-B3F0-515888E8EF64}.Release|x86.Build.0 = Release|Win32
		{EF900A44-7162-4853-ABBF-1FB6662312AE}.Debug|Any CPU.ActiveCfg = Debug|Any CPU
		{EF900A44-7162-4853-ABBF-1FB6662312AE}.Debug|Any CPU.Build.0 = Debug|Any CPU
		{EF900A44-7162-4853-ABBF-1FB6662312AE}.Debug|x64.ActiveCfg = Debug|Any CPU
		{EF900A44-7162-4853-ABBF-1FB6662312AE}.Debug|x64.Build.0 = Debug|Any CPU
		{EF900A44-7162-4853-ABBF-1FB6662312AE}.Debug|x86.ActiveCfg = Debug|Any CPU
		{EF900A44-7162-4853-ABBF-1FB6662312AE}.Debug|x86.Build.0 = Debug|Any CPU
		{EF900A44-7162-4853-ABBF-1FB6662312AE}.Release|Any CPU.ActiveCfg = Release|Any CPU
		{EF900A44-7162-4853-ABBF-1FB6662312AE}.Release|Any CPU.Build.0 = Release|Any CPU
		{EF900A44-7162-4853-ABBF-1FB6662312AE}.Release|x64.ActiveCfg = Release|Any CPU
		{EF900A44-7162-4853-ABBF-1FB6662312AE}.Release|x64.Build.0 = Release|Any CPU
		{EF900A44-7162-4853-ABBF-1FB6662312AE}.Release|x86.ActiveCfg = Release|Any CPU
		{EF900A44-7162-4853-ABBF-1FB6662312AE}.Release|x86.Build.0 = Release|Any CPU
		{976987FF-9130-4B60-8F7C-6ADF65E21FCC}.Debug|Any CPU.ActiveCfg = Debug|Win32
		{976987FF-9130-4B60-8F7C-6ADF65E21FCC}.Debug|x64.ActiveCfg = Debug|x64
		{976987FF-9130-4B60-8F7C-6ADF65E21FCC}.Debug|x64.Build.0 = Debug|x64
		{976987FF-9130-4B60-8F7C-6ADF65E21FCC}.Debug|x86.ActiveCfg = Debug|Win32
		{976987FF-9130-4B60-8F7C-6ADF65E21FCC}.Debug|x86.Build.0 = Debug|Win32
		{976987FF-9130-4B60-8F7C-6ADF65E21FCC}.Release|Any CPU.ActiveCfg = Release|Win32
		{976987FF-9130-4B60-8F7C-6ADF65E21FCC}.Release|x64.ActiveCfg = Release|x64
		{976987FF-9130-4B60-8F7C-6ADF65E21FCC}.Release|x64.Build.0 = Release|x64
		{976987FF-9130-4B60-8F7C-6ADF65E21FCC}.Release|x86.ActiveCfg = Release|Win32
		{976987FF-9130-4B60-8F7C-6ADF65E21FCC}.Release|x86.Build.0 = Release|Win32
		{09456C9D-807B-4E17-A764-1CB6FDFA0F51}.Debug|Any CPU.ActiveCfg = Debug|Win32
		{09456C9D-807B-4E17-A764-1CB6FDFA0F51}.Debug|x64.ActiveCfg = Debug|x64
		{09456C9D-807B-4E17-A764-1CB6FDFA0F51}.Debug|x64.Build.0 = Debug|x64
		{09456C9D-807B-4E17-A764-1CB6FDFA0F51}.Debug|x86.ActiveCfg = Release|Win32
		{09456C9D-807B-4E17-A764-1CB6FDFA0F51}.Debug|x86.Build.0 = Release|Win32
		{09456C9D-807B-4E17-A764-1CB6FDFA0F51}.Release|Any CPU.ActiveCfg = Release|Win32
		{09456C9D-807B-4E17-A764-1CB6FDFA0F51}.Release|x64.ActiveCfg = Release|x64
		{09456C9D-807B-4E17-A764-1CB6FDFA0F51}.Release|x64.Build.0 = Release|x64
		{09456C9D-807B-4E17-A764-1CB6FDFA0F51}.Release|x86.ActiveCfg = Release|Win32
		{09456C9D-807B-4E17-A764-1CB6FDFA0F51}.Release|x86.Build.0 = Release|Win32
		{5DD14FB6-F5C3-4C56-B996-C5AF819D7A2F}.Debug|Any CPU.ActiveCfg = Debug|Win32
		{5DD14FB6-F5C3-4C56-B996-C5AF819D7A2F}.Debug|x64.ActiveCfg = Debug|x64
		{5DD14FB6-F5C3-4C56-B996-C5AF819D7A2F}.Debug|x64.Build.0 = Debug|x64
		{5DD14FB6-F5C3-4C56-B996-C5AF819D7A2F}.Debug|x86.ActiveCfg = Release|Win32
		{5DD14FB6-F5C3-4C56-B996-C5AF819D7A2F}.Debug|x86.Build.0 = Release|Win32
		{5DD14FB6-F5C3-4C56-B996-C5AF819D7A2F}.Release|Any CPU.ActiveCfg = Release|Win32
		{5DD14FB6-F5C3-4C56-B996-C5AF819D7A2F}.Release|x64.ActiveCfg = Release|x64
		{5DD14FB6-F5C3-4C56-B996-C5AF819D7A2F}.Release|x64.Build.0 = Release|x64
		{5DD14FB6-F5C3-4C56-B996-C5AF819D7A2F}.Release|x86.ActiveCfg = Release|Win32
		{5DD14FB6-F5C3-4C56-B996-C5AF819D7A2F}.Release|x86.Build.0 = Release|Win32
		{93AADD9F-47A3-4053-8993-D59B103B0A3F}.Debug|Any CPU.ActiveCfg = Debug|Win32
		{93AADD9F-47A3-4053-8993-D59B103B0A3F}.Debug|x64.ActiveCfg = Debug|x64
		{93AADD9F-47A3-4053-8993-D59B103B0A3F}.Debug|x64.Build.0 = Debug|x64
		{93AADD9F-47A3-4053-8993-D59B103B0A3F}.Debug|x86.ActiveCfg = Debug|Win32
		{93AADD9F-47A3-4053-8993-D59B103B0A3F}.Debug|x86.Build.0 = Debug|Win32
		{93AADD9F-47A3-4053-8993-D59B103B0A3F}.Release|Any CPU.ActiveCfg = Release|Win32
		{93AADD9F-47A3-4053-8993-D59B103B0A3F}.Release|x64.ActiveCfg = Release|x64
		{93AADD9F-47A3-4053-8993-D59B103B0A3F}.Release|x64.Build.0 = Release|x64
		{93AADD9F-47A3-4053-8993-D59B103B0A3F}.Release|x86.ActiveCfg = Release|Win32
		{93AADD9F-47A3-4053-8993-D59B103B0A3F}.Release|x86.Build.0 = Release|Win32
		{E4138B95-F9DE-4AE4-A7F3-EC9D310D0F40}.Debug|Any CPU.ActiveCfg = Debug|Win32
		{E4138B95-F9DE-4AE4-A7F3-EC9D310D0F40}.Debug|x64.ActiveCfg = Debug|x64
		{E4138B95-F9DE-4AE4-A7F3-EC9D310D0F40}.Debug|x64.Build.0 = Debug|x64
		{E4138B95-F9DE-4AE4-A7F3-EC9D310D0F40}.Debug|x86.ActiveCfg = Debug|Win32
		{E4138B95-F9DE-4AE4-A7F3-EC9D310D0F40}.Debug|x86.Build.0 = Debug|Win32
		{E4138B95-F9DE-4AE4-A7F3-EC9D310D0F40}.Release|Any CPU.ActiveCfg = Release|Win32
		{E4138B95-F9DE-4AE4-A7F3-EC9D310D0F40}.Release|x64.ActiveCfg = Release|x64
		{E4138B95-F9DE-4AE4-A7F3-EC9D310D0F40}.Release|x64.Build.0 = Release|x64
		{E4138B95-F9DE-4AE4-A7F3-EC9D310D0F40}.Release|x86.ActiveCfg = Release|Win32
		{E4138B95-F9DE-4AE4-A7F3-EC9D310D0F40}.Release|x86.Build.0 = Release|Win32
		{E79922AD-02F0-498F-A38E-BBA2C0C5C3A4}.Debug|Any CPU.ActiveCfg = Debug|Win32
		{E79922AD-02F0-498F-A38E-BBA2C0C5C3A4}.Debug|x64.ActiveCfg = Debug|x64
		{E79922AD-02F0-498F-A38E-BBA2C0C5C3A4}.Debug|x64.Build.0 = Debug|x64
		{E79922AD-02F0-498F-A38E-BBA2C0C5C3A4}.Debug|x86.ActiveCfg = Debug|Win32
		{E79922AD-02F0-498F-A38E-BBA2C0C5C3A4}.Debug|x86.Build.0 = Debug|Win32
		{E79922AD-02F0-498F-A38E-BBA2C0C5C3A4}.Release|Any CPU.ActiveCfg = Release|Win32
		{E79922AD-02F0-498F-A38E-BBA2C0C5C3A4}.Release|x64.ActiveCfg = Release|x64
		{E79922AD-02F0-498F-A38E-BBA2C0C5C3A4}.Release|x64.Build.0 = Release|x64
		{E79922AD-02F0-498F-A38E-BBA2C0C5C3A4}.Release|x86.ActiveCfg = Release|Win32
		{E79922AD-02F0-498F-A38E-BBA2C0C5C3A4}.Release|x86.Build.0 = Release|Win32
		{6125133F-0A78-4985-8BB9-72672CB497AC}.Debug|Any CPU.ActiveCfg = Debug|Win32
		{6125133F-0A78-4985-8BB9-72672CB497AC}.Debug|x64.ActiveCfg = Debug|x64
		{6125133F-0A78-4985-8BB9-72672CB497AC}.Debug|x64.Build.0 = Debug|x64
		{6125133F-0A78-4985-8BB9-72672CB497AC}.Debug|x86.ActiveCfg = Debug|Win32
		{6125133F-0A78-4985-8BB9-72672CB497AC}.Debug|x86.Build.0 = Debug|Win32
		{6125133F-0A78-4985-8BB9-72672CB497AC}.Release|Any CPU.ActiveCfg = Release|Win32
		{6125133F-0A78-4985-8BB9-72672CB497AC}.Release|x64.ActiveCfg = Release|x64
		{6125133F-0A78-4985-8BB9-72672CB497AC}.Release|x64.Build.0 = Release|x64
		{6125133F-0A78-4985-8BB9-72672CB497AC}.Release|x86.ActiveCfg = Release|Win32
		{6125133F-0A78-4985-8BB9-72672CB497AC}.Release|x86.Build.0 = Release|Win32
		{4111D8D1-7501-489A-AD21-68701773EBD9}.Debug|Any CPU.ActiveCfg = Debug|Win32
		{4111D8D1-7501-489A-AD21-68701773EBD9}.Debug|x64.ActiveCfg = Debug|x64
		{4111D8D1-7501-489A-AD21-68701773EBD9}.Debug|x64.Build.0 = Debug|x64
		{4111D8D1-7501-489A-AD21-68701773EBD9}.Debug|x86.ActiveCfg = Debug|Win32
		{4111D8D1-7501-489A-AD21-68701773EBD9}.Debug|x86.Build.0 = Debug|Win32
		{4111D8D1-7501-489A-AD21-68701773EBD9}.Release|Any CPU.ActiveCfg = Release|Win32
		{4111D8D1-7501-489A-AD21-68701773EBD9}.Release|x64.ActiveCfg = Release|x64
		{4111D8D1-7501-489A-AD21-68701773EBD9}.Release|x64.Build.0 = Release|x64
		{4111D8D1-7501-489A-AD21-68701773EBD9}.Release|x86.ActiveCfg = Release|Win32
		{4111D8D1-7501-489A-AD21-68701773EBD9}.Release|x86.Build.0 = Release|Win32
		{2650CA3C-1DDE-4D98-96D6-927B382F409A}.Debug|Any CPU.ActiveCfg = Debug|Win32
		{2650CA3C-1DDE-4D98-96D6-927B382F409A}.Debug|x64.ActiveCfg = Debug|x64
		{2650CA3C-1DDE-4D98-96D6-927B382F409A}.Debug|x64.Build.0 = Debug|x64
		{2650CA3C-1DDE-4D98-96D6-927B382F409A}.Debug|x86.ActiveCfg = Debug|Win32
		{2650CA3C-1DDE-4D98-96D6-927B382F409A}.Debug|x86.Build.0 = Debug|Win32
		{2650CA3C-1DDE-4D98-96D6-927B382F409A}.Release|Any CPU.ActiveCfg = Release|Win32
		{2650CA3C-1DDE-4D98-96D6-927B382F409A}.Release|x64.ActiveCfg = Release|x64
		{2650CA3C-1DDE-4D98-96D6-927B382F409A}.Release|x64.Build.0 = Release|x64
		{2650CA3C-1DDE-4D98-96D6-927B382F409A}.Release|x86.ActiveCfg = Release|Win32
		{2650CA3C-1DDE-4D98-96D6-927B382F409A}.Release|x86.Build.0 = Release|Win32
		{287D4FC5-1948-4489-8FA2-F2C0E8AF5BCE}.Debug|Any CPU.ActiveCfg = Debug|Win32
		{287D4FC5-1948-4489-8FA2-F2C0E8AF5BCE}.Debug|x64.ActiveCfg = Debug|x64
		{287D4FC5-1948-4489-8FA2-F2C0E8AF5BCE}.Debug|x64.Build.0 = Debug|x64
		{287D4FC5-1948-4489-8FA2-F2C0E8AF5BCE}.Debug|x86.ActiveCfg = Debug|Win32
		{287D4FC5-1948-4489-8FA2-F2C0E8AF5BCE}.Debug|x86.Build.0 = Debug|Win32
		{287D4FC5-1948-4489-8FA2-F2C0E8AF5BCE}.Release|Any CPU.ActiveCfg = Release|Win32
		{287D4FC5-1948-4489-8FA2-F2C0E8AF5BCE}.Release|x64.ActiveCfg = Release|x64
		{287D4FC5-1948-4489-8FA2-F2C0E8AF5BCE}.Release|x64.Build.0 = Release|x64
		{287D4FC5-1948-4489-8FA2-F2C0E8AF5BCE}.Release|x86.ActiveCfg = Release|Win32
		{287D4FC5-1948-4489-8FA2-F2C0E8AF5BCE}.Release|x86.Build.0 = Release|Win32
		{4F570F2D-7C42-481B-A45A-1A812338C6A5}.Debug|Any CPU.ActiveCfg = Debug|Win32
		{4F570F2D-7C42-481B-A45A-1A812338C6A5}.Debug|x64.ActiveCfg = Debug|x64
		{4F570F2D-7C42-481B-A45A-1A812338C6A5}.Debug|x64.Build.0 = Debug|x64
		{4F570F2D-7C42-481B-A45A-1A812338C6A5}.Debug|x86.ActiveCfg = Debug|Win32
		{4F570F2D-7C42-481B-A45A-1A812338C6A5}.Debug|x86.Build.0 = Debug|Win32
		{4F570F2D-7C42-481B-A45A-1A812338C6A5}.Release|Any CPU.ActiveCfg = Release|Win32
		{4F570F2D-7C42-481B-A45A-1A812338C6A5}.Release|x64.ActiveCfg = Release|x64
		{4F570F2D-7C42-481B-A45A-1A812338C6A5}.Release|x64.Build.0 = Release|x64
		{4F570F2D-7C42-481B-A45A-1A812338C6A5}.Release|x86.ActiveCfg = Release|Win32
		{4F570F2D-7C42-481B-A45A-1A812338C6A5}.Release|x86.Build.0 = Release|Win32
		{89C1AC07-5998-45FF-8F3A-B5DAC91DFA1F}.Debug|Any CPU.ActiveCfg = Debug|Win32
		{89C1AC07-5998-45FF-8F3A-B5DAC91DFA1F}.Debug|x64.ActiveCfg = Debug|x64
		{89C1AC07-5998-45FF-8F3A-B5DAC91DFA1F}.Debug|x64.Build.0 = Debug|x64
		{89C1AC07-5998-45FF-8F3A-B5DAC91DFA1F}.Debug|x86.ActiveCfg = Debug|Win32
		{89C1AC07-5998-45FF-8F3A-B5DAC91DFA1F}.Debug|x86.Build.0 = Debug|Win32
		{89C1AC07-5998-45FF-8F3A-B5DAC91DFA1F}.Release|Any CPU.ActiveCfg = Release|Win32
		{89C1AC07-5998-45FF-8F3A-B5DAC91DFA1F}.Release|x64.ActiveCfg = Release|x64
		{89C1AC07-5998-45FF-8F3A-B5DAC91DFA1F}.Release|x64.Build.0 = Release|x64
		{89C1AC07-5998-45FF-8F3A-B5DAC91DFA1F}.Release|x86.ActiveCfg = Release|Win32
		{89C1AC07-5998-45FF-8F3A-B5DAC91DFA1F}.Release|x86.Build.0 = Release|Win32
		{EB76310D-C339-4B9A-8E1A-BC79C74B3826}.Debug|Any CPU.ActiveCfg = Debug|Win32
		{EB76310D-C339-4B9A-8E1A-BC79C74B3826}.Debug|x64.ActiveCfg = Debug|x64
		{EB76310D-C339-4B9A-8E1A-BC79C74B3826}.Debug|x64.Build.0 = Debug|x64
		{EB76310D-C339-4B9A-8E1A-BC79C74B3826}.Debug|x86.ActiveCfg = Debug|Win32
		{EB76310D-C339-4B9A-8E1A-BC79C74B3826}.Debug|x86.Build.0 = Debug|Win32
		{EB76310D-C339-4B9A-8E1A-BC79C74B3826}.Release|Any CPU.ActiveCfg = Release|Win32
		{EB76310D-C339-4B9A-8E1A-BC79C74B3826}.Release|x64.ActiveCfg = Release|x64
		{EB76310D-C339-4B9A-8E1A-BC79C74B3826}.Release|x64.Build.0 = Release|x64
		{EB76310D-C339-4B9A-8E1A-BC79C74B3826}.Release|x86.ActiveCfg = Release|Win32
		{EB76310D-C339-4B9A-8E1A-BC79C74B3826}.Release|x86.Build.0 = Release|Win32
		{517F2B2F-4378-4AF8-8FE7-6B96F78B9FCC}.Debug|Any CPU.ActiveCfg = Debug|Win32
		{517F2B2F-4378-4AF8-8FE7-6B96F78B9FCC}.Debug|x64.ActiveCfg = Debug|x64
		{517F2B2F-4378-4AF8-8FE7-6B96F78B9FCC}.Debug|x64.Build.0 = Debug|x64
		{517F2B2F-4378-4AF8-8FE7-6B96F78B9FCC}.Debug|x86.ActiveCfg = Debug|Win32
		{517F2B2F-4378-4AF8-8FE7-6B96F78B9FCC}.Debug|x86.Build.0 = Debug|Win32
		{517F2B2F-4378-4AF8-8FE7-6B96F78B9FCC}.Release|Any CPU.ActiveCfg = Release|Win32
		{517F2B2F-4378-4AF8-8FE7-6B96F78B9FCC}.Release|x64.ActiveCfg = Release|x64
		{517F2B2F-4378-4AF8-8FE7-6B96F78B9FCC}.Release|x64.Build.0 = Release|x64
		{517F2B2F-4378-4AF8-8FE7-6B96F78B9FCC}.Release|x86.ActiveCfg = Release|Win32
		{517F2B2F-4378-4AF8-8FE7-6B96F78B9FCC}.Release|x86.Build.0 = Release|Win32
		{CB852724-C07B-428B-95ED-8C5277984DB6}.Debug|Any CPU.ActiveCfg = Debug|Win32
		{CB852724-C07B-428B-95ED-8C5277984DB6}.Debug|x64.ActiveCfg = Debug|x64
		{CB852724-C07B-428B-95ED-8C5277984DB6}.Debug|x64.Build.0 = Debug|x64
		{CB852724-C07B-428B-95ED-8C5277984DB6}.Debug|x86.ActiveCfg = Debug|Win32
		{CB852724-C07B-428B-95ED-8C5277984DB6}.Debug|x86.Build.0 = Debug|Win32
		{CB852724-C07B-428B-95ED-8C5277984DB6}.Release|Any CPU.ActiveCfg = Release|Win32
		{CB852724-C07B-428B-95ED-8C5277984DB6}.Release|x64.ActiveCfg = Release|x64
		{CB852724-C07B-428B-95ED-8C5277984DB6}.Release|x64.Build.0 = Release|x64
		{CB852724-C07B-428B-95ED-8C5277984DB6}.Release|x86.ActiveCfg = Release|Win32
		{CB852724-C07B-428B-95ED-8C5277984DB6}.Release|x86.Build.0 = Release|Win32
		{BCF7036C-5922-4EC7-B9BD-60DF3E233E99}.Debug|Any CPU.ActiveCfg = Debug|Win32
		{BCF7036C-5922-4EC7-B9BD-60DF3E233E99}.Debug|x64.ActiveCfg = Debug|x64
		{BCF7036C-5922-4EC7-B9BD-60DF3E233E99}.Debug|x64.Build.0 = Debug|x64
		{BCF7036C-5922-4EC7-B9BD-60DF3E233E99}.Debug|x86.ActiveCfg = Debug|Win32
		{BCF7036C-5922-4EC7-B9BD-60DF3E233E99}.Debug|x86.Build.0 = Debug|Win32
		{BCF7036C-5922-4EC7-B9BD-60DF3E233E99}.Release|Any CPU.ActiveCfg = Release|Win32
		{BCF7036C-5922-4EC7-B9BD-60DF3E233E99}.Release|x64.ActiveCfg = Release|x64
		{BCF7036C-5922-4EC7-B9BD-60DF3E233E99}.Release|x64.Build.0 = Release|x64
		{BCF7036C-5922-4EC7-B9BD-60DF3E233E99}.Release|x86.ActiveCfg = Release|Win32
		{BCF7036C-5922-4EC7-B9BD-60DF3E233E99}.Release|x86.Build.0 = Release|Win32
		{0772E72D-B101-4F1F-B976-CBC7E6DBA320}.Debug|Any CPU.ActiveCfg = Debug|Win32
		{0772E72D-B101-4F1F-B976-CBC7E6DBA320}.Debug|x64.ActiveCfg = Debug|x64
		{0772E72D-B101-4F1F-B976-CBC7E6DBA320}.Debug|x64.Build.0 = Debug|x64
		{0772E72D-B101-4F1F-B976-CBC7E6DBA320}.Debug|x86.ActiveCfg = Debug|Win32
		{0772E72D-B101-4F1F-B976-CBC7E6DBA320}.Debug|x86.Build.0 = Debug|Win32
		{0772E72D-B101-4F1F-B976-CBC7E6DBA320}.Release|Any CPU.ActiveCfg = Release|Win32
		{0772E72D-B101-4F1F-B976-CBC7E6DBA320}.Release|x64.ActiveCfg = Release|x64
		{0772E72D-B101-4F1F-B976-CBC7E6DBA320}.Release|x64.Build.0 = Release|x64
		{0772E72D-B101-4F1F-B976-CBC7E6DBA320}.Release|x86.ActiveCfg = Release|Win32
		{0772E72D-B101-4F1F-B976-CBC7E6DBA320}.Release|x86.Build.0 = Release|Win32
		{821064E7-678F-4C93-AF28-29EB82FA9C7D}.Debug|Any CPU.ActiveCfg = Debug|Win32
		{821064E7-678F-4C93-AF28-29EB82FA9C7D}.Debug|x64.ActiveCfg = Debug|x64
		{821064E7-678F-4C93-AF28-29EB82FA9C7D}.Debug|x64.Build.0 = Debug|x64
		{821064E7-678F-4C93-AF28-29EB82FA9C7D}.Debug|x86.ActiveCfg = Debug|Win32
		{821064E7-678F-4C93-AF28-29EB82FA9C7D}.Debug|x86.Build.0 = Debug|Win32
		{821064E7-678F-4C93-AF28-29EB82FA9C7D}.Release|Any CPU.ActiveCfg = Release|Win32
		{821064E7-678F-4C93-AF28-29EB82FA9C7D}.Release|x64.ActiveCfg = Release|x64
		{821064E7-678F-4C93-AF28-29EB82FA9C7D}.Release|x64.Build.0 = Release|x64
		{821064E7-678F-4C93-AF28-29EB82FA9C7D}.Release|x86.ActiveCfg = Release|Win32
		{821064E7-678F-4C93-AF28-29EB82FA9C7D}.Release|x86.Build.0 = Release|Win32
		{64C2E160-BEFB-4BCF-9A31-D31A26F36FB0}.Debug|Any CPU.ActiveCfg = Debug|Win32
		{64C2E160-BEFB-4BCF-9A31-D31A26F36FB0}.Debug|x64.ActiveCfg = Debug|x64
		{64C2E160-BEFB-4BCF-9A31-D31A26F36FB0}.Debug|x64.Build.0 = Debug|x64
		{64C2E160-BEFB-4BCF-9A31-D31A26F36FB0}.Debug|x86.ActiveCfg = Debug|Win32
		{64C2E160-BEFB-4BCF-9A31-D31A26F36FB0}.Debug|x86.Build.0 = Debug|Win32
		{64C2E160-BEFB-4BCF-9A31-D31A26F36FB0}.Release|Any CPU.ActiveCfg = Release|Win32
		{64C2E160-BEFB-4BCF-9A31-D31A26F36FB0}.Release|x64.ActiveCfg = Release|x64
		{64C2E160-BEFB-4BCF-9A31-D31A26F36FB0}.Release|x64.Build.0 = Release|x64
		{64C2E160-BEFB-4BCF-9A31-D31A26F36FB0}.Release|x86.ActiveCfg = Release|Win32
		{64C2E160-BEFB-4BCF-9A31-D31A26F36FB0}.Release|x86.Build.0 = Release|Win32
	EndGlobalSection
	GlobalSection(SolutionProperties) = preSolution
		HideSolutionNode = FALSE
	EndGlobalSection
	GlobalSection(NestedProjects) = preSolution
		{5DE6F38D-125F-4728-B39E-257BCEDCA8E1} = {9AE7CEA0-B7CC-4292-955A-C0184F9742EE}
		{5E575033-0C43-46C4-B348-D440483EF8F0} = {61321D3D-9D6A-43CB-BBA4-388D7761E1A4}
		{24861850-BD2F-4BD3-A902-7FE8857A2F65} = {61321D3D-9D6A-43CB-BBA4-388D7761E1A4}
		{A1917A79-F74F-4B0B-A69A-20E0BCFF789E} = {61321D3D-9D6A-43CB-BBA4-388D7761E1A4}
		{CF93A243-13AC-43A5-9FEF-E9C66CE235E8} = {61321D3D-9D6A-43CB-BBA4-388D7761E1A4}
		{0376709B-49BF-4613-B3F0-515888E8EF64} = {61321D3D-9D6A-43CB-BBA4-388D7761E1A4}
		{EF900A44-7162-4853-ABBF-1FB6662312AE} = {3B953EEF-064F-4A13-B375-3C3E2883CE64}
		{976987FF-9130-4B60-8F7C-6ADF65E21FCC} = {3B953EEF-064F-4A13-B375-3C3E2883CE64}
		{09456C9D-807B-4E17-A764-1CB6FDFA0F51} = {C54DDD54-E0BE-4D59-9580-955C6903A1DD}
		{5DD14FB6-F5C3-4C56-B996-C5AF819D7A2F} = {C54DDD54-E0BE-4D59-9580-955C6903A1DD}
		{93AADD9F-47A3-4053-8993-D59B103B0A3F} = {F76BDB50-7314-48A8-BA74-F7B0D299B85C}
		{E4138B95-F9DE-4AE4-A7F3-EC9D310D0F40} = {F76BDB50-7314-48A8-BA74-F7B0D299B85C}
		{E79922AD-02F0-498F-A38E-BBA2C0C5C3A4} = {F76BDB50-7314-48A8-BA74-F7B0D299B85C}
		{6125133F-0A78-4985-8BB9-72672CB497AC} = {F76BDB50-7314-48A8-BA74-F7B0D299B85C}
		{4111D8D1-7501-489A-AD21-68701773EBD9} = {4DEBD504-A206-4D83-BC05-1158C49C6927}
		{2650CA3C-1DDE-4D98-96D6-927B382F409A} = {4DEBD504-A206-4D83-BC05-1158C49C6927}
		{287D4FC5-1948-4489-8FA2-F2C0E8AF5BCE} = {983BCC22-E56B-40BA-92DD-C01B69916398}
		{4F570F2D-7C42-481B-A45A-1A812338C6A5} = {983BCC22-E56B-40BA-92DD-C01B69916398}
		{89C1AC07-5998-45FF-8F3A-B5DAC91DFA1F} = {5EC79CA6-8C0D-478F-84A8-FCEB714DAC67}
		{EB76310D-C339-4B9A-8E1A-BC79C74B3826} = {5EC79CA6-8C0D-478F-84A8-FCEB714DAC67}
		{517F2B2F-4378-4AF8-8FE7-6B96F78B9FCC} = {5EC79CA6-8C0D-478F-84A8-FCEB714DAC67}
		{CB852724-C07B-428B-95ED-8C5277984DB6} = {5EC79CA6-8C0D-478F-84A8-FCEB714DAC67}
		{BCF7036C-5922-4EC7-B9BD-60DF3E233E99} = {5EC79CA6-8C0D-478F-84A8-FCEB714DAC67}
		{0772E72D-B101-4F1F-B976-CBC7E6DBA320} = {6BF5EBB0-543F-4059-BEBC-751240AC5581}
		{821064E7-678F-4C93-AF28-29EB82FA9C7D} = {0FDFC5A9-8B2E-4451-8718-09E2C56C8A4F}
		{64C2E160-BEFB-4BCF-9A31-D31A26F36FB0} = {0FDFC5A9-8B2E-4451-8718-09E2C56C8A4F}
	EndGlobalSection
	GlobalSection(ExtensibilityGlobals) = postSolution
		SolutionGuid = {D8962E52-BC48-4AF2-BDF9-4852BED03C26}
	EndGlobalSection
EndGlobal
